
Microsoft Visual Studio Solution File, Format Version 12.00
# Visual Studio Version 17
VisualStudioVersion = 17.10.34916.146
MinimumVisualStudioVersion = 10.0.40219.1
Project("{9A19103F-16F7-4668-BE54-9A1E7A4F7556}") = "LiveSplitIntegration", "LiveSplitIntegration.csproj", "{ECECF13D-1B6B-41C2-AE0E-252EC835BADB}"
EndProject
Global
	GlobalSection(SolutionConfigurationPlatforms) = preSolution
		Debug|Any CPU = Debug|Any CPU
		Release|Any CPU = Release|Any CPU
	EndGlobalSection
	GlobalSection(ProjectConfigurationPlatforms) = postSolution
		{ECECF13D-1B6B-41C2-AE0E-252EC835BADB}.Debug|Any CPU.ActiveCfg = Debug|Any CPU
		{ECECF13D-1B6B-41C2-AE0E-252EC835BADB}.Debug|Any CPU.Build.0 = Debug|Any CPU
		{ECECF13D-1B6B-41C2-AE0E-252EC835BADB}.Release|Any CPU.ActiveCfg = Release|Any CPU
		{ECECF13D-1B6B-41C2-AE0E-252EC835BADB}.Release|Any CPU.Build.0 = Release|Any CPU
	EndGlobalSection
	GlobalSection(SolutionProperties) = preSolution
		HideSolutionNode = FALSE
	EndGlobalSection
	GlobalSection(ExtensibilityGlobals) = postSolution
		SolutionGuid = {B9AC5A22-1788-49E7-85A6-A1342193450B}
	EndGlobalSection
EndGlobal
